// !$*UTF8*$!
{
	archiveVersion = 1;
	classes = {
	};
	objectVersion = 50;
	objects = {

/* Begin PBXBuildFile section */
		063057ED2555295C0097E5AE /* evenCell.swift in Sources */ = {isa = PBXBuildFile; fileRef = 063057EB2555295C0097E5AE /* evenCell.swift */; };
		063057EE2555295C0097E5AE /* evenCell.xib in Resources */ = {isa = PBXBuildFile; fileRef = 063057EC2555295C0097E5AE /* evenCell.xib */; };
		06B497282553E50C009A7350 /* AppDelegate.swift in Sources */ = {isa = PBXBuildFile; fileRef = 06B497272553E50C009A7350 /* AppDelegate.swift */; };
		06B4972A2553E50C009A7350 /* SceneDelegate.swift in Sources */ = {isa = PBXBuildFile; fileRef = 06B497292553E50C009A7350 /* SceneDelegate.swift */; };
		06B4972C2553E50C009A7350 /* ViewController.swift in Sources */ = {isa = PBXBuildFile; fileRef = 06B4972B2553E50C009A7350 /* ViewController.swift */; };
		06B4972F2553E50C009A7350 /* Main.storyboard in Resources */ = {isa = PBXBuildFile; fileRef = 06B4972D2553E50C009A7350 /* Main.storyboard */; };
		06B497312553E50E009A7350 /* Assets.xcassets in Resources */ = {isa = PBXBuildFile; fileRef = 06B497302553E50E009A7350 /* Assets.xcassets */; };
		06B497342553E50E009A7350 /* LaunchScreen.storyboard in Resources */ = {isa = PBXBuildFile; fileRef = 06B497322553E50E009A7350 /* LaunchScreen.storyboard */; };
		06B497422553E94F009A7350 /* Qiita.swift in Sources */ = {isa = PBXBuildFile; fileRef = 06B497412553E94F009A7350 /* Qiita.swift */; };
		06B497502554F9FF009A7350 /* oddCell.swift in Sources */ = {isa = PBXBuildFile; fileRef = 06B4974E2554F9FF009A7350 /* oddCell.swift */; };
		06B497512554F9FF009A7350 /* oddCell.xib in Resources */ = {isa = PBXBuildFile; fileRef = 06B4974F2554F9FF009A7350 /* oddCell.xib */; };
		E708EF1A2554621A00C9CF44 /* Model.swift in Sources */ = {isa = PBXBuildFile; fileRef = E708EF192554621A00C9CF44 /* Model.swift */; };
/* End PBXBuildFile section */

/* Begin PBXFileReference section */
		063057EB2555295C0097E5AE /* evenCell.swift */ = {isa = PBXFileReference; lastKnownFileType = sourcecode.swift; path = evenCell.swift; sourceTree = "<group>"; };
		063057EC2555295C0097E5AE /* evenCell.xib */ = {isa = PBXFileReference; lastKnownFileType = file.xib; path = evenCell.xib; sourceTree = "<group>"; };
		06B497242553E50C009A7350 /* API-Demo.app */ = {isa = PBXFileReference; explicitFileType = wrapper.application; includeInIndex = 0; path = "API-Demo.app"; sourceTree = BUILT_PRODUCTS_DIR; };
		06B497272553E50C009A7350 /* AppDelegate.swift */ = {isa = PBXFileReference; lastKnownFileType = sourcecode.swift; path = AppDelegate.swift; sourceTree = "<group>"; };
		06B497292553E50C009A7350 /* SceneDelegate.swift */ = {isa = PBXFileReference; lastKnownFileType = sourcecode.swift; path = SceneDelegate.swift; sourceTree = "<group>"; };
		06B4972B2553E50C009A7350 /* ViewController.swift */ = {isa = PBXFileReference; lastKnownFileType = sourcecode.swift; path = ViewController.swift; sourceTree = "<group>"; };
		06B4972E2553E50C009A7350 /* Base */ = {isa = PBXFileReference; lastKnownFileType = file.storyboard; name = Base; path = Base.lproj/Main.storyboard; sourceTree = "<group>"; };
		06B497302553E50E009A7350 /* Assets.xcassets */ = {isa = PBXFileReference; lastKnownFileType = folder.assetcatalog; path = Assets.xcassets; sourceTree = "<group>"; };
		06B497332553E50E009A7350 /* Base */ = {isa = PBXFileReference; lastKnownFileType = file.storyboard; name = Base; path = Base.lproj/LaunchScreen.storyboard; sourceTree = "<group>"; };
		06B497352553E50E009A7350 /* Info.plist */ = {isa = PBXFileReference; lastKnownFileType = text.plist.xml; path = Info.plist; sourceTree = "<group>"; };
		06B497412553E94F009A7350 /* Qiita.swift */ = {isa = PBXFileReference; lastKnownFileType = sourcecode.swift; path = Qiita.swift; sourceTree = "<group>"; };
		06B4974E2554F9FF009A7350 /* oddCell.swift */ = {isa = PBXFileReference; lastKnownFileType = sourcecode.swift; path = oddCell.swift; sourceTree = "<group>"; };
		06B4974F2554F9FF009A7350 /* oddCell.xib */ = {isa = PBXFileReference; lastKnownFileType = file.xib; path = oddCell.xib; sourceTree = "<group>"; };
		E708EF192554621A00C9CF44 /* Model.swift */ = {isa = PBXFileReference; lastKnownFileType = sourcecode.swift; path = Model.swift; sourceTree = "<group>"; };
/* End PBXFileReference section */

/* Begin PBXFrameworksBuildPhase section */
		06B497212553E50C009A7350 /* Frameworks */ = {
			isa = PBXFrameworksBuildPhase;
			buildActionMask = 2147483647;
			files = (
			);
			runOnlyForDeploymentPostprocessing = 0;
		};
/* End PBXFrameworksBuildPhase section */

/* Begin PBXGroup section */
		06B4971B2553E50C009A7350 = {
			isa = PBXGroup;
			children = (
				06B497262553E50C009A7350 /* API-Demo */,
				06B497252553E50C009A7350 /* Products */,
			);
			sourceTree = "<group>";
		};
		06B497252553E50C009A7350 /* Products */ = {
			isa = PBXGroup;
			children = (
				06B497242553E50C009A7350 /* API-Demo.app */,
			);
			name = Products;
			sourceTree = "<group>";
		};
		06B497262553E50C009A7350 /* API-Demo */ = {
			isa = PBXGroup;
			children = (
				06B497272553E50C009A7350 /* AppDelegate.swift */,
				06B497292553E50C009A7350 /* SceneDelegate.swift */,
				06B4972B2553E50C009A7350 /* ViewController.swift */,
				06B497412553E94F009A7350 /* Qiita.swift */,
				E708EF192554621A00C9CF44 /* Model.swift */,
				06B4974A2554F57E009A7350 /* Cell */,
				06B4972D2553E50C009A7350 /* Main.storyboard */,
				06B497302553E50E009A7350 /* Assets.xcassets */,
				06B497322553E50E009A7350 /* LaunchScreen.storyboard */,
				06B497352553E50E009A7350 /* Info.plist */,
			);
			path = "API-Demo";
			sourceTree = "<group>";
		};
		06B4974A2554F57E009A7350 /* Cell */ = {
			isa = PBXGroup;
			children = (
				06B4974E2554F9FF009A7350 /* oddCell.swift */,
				06B4974F2554F9FF009A7350 /* oddCell.xib */,
				063057EB2555295C0097E5AE /* evenCell.swift */,
				063057EC2555295C0097E5AE /* evenCell.xib */,
			);
			path = Cell;
			sourceTree = "<group>";
		};
/* End PBXGroup section */

/* Begin PBXNativeTarget section */
		06B497232553E50C009A7350 /* API-Demo */ = {
			isa = PBXNativeTarget;
			buildConfigurationList = 06B497382553E50E009A7350 /* Build configuration list for PBXNativeTarget "API-Demo" */;
			buildPhases = (
				06B497202553E50C009A7350 /* Sources */,
				06B497212553E50C009A7350 /* Frameworks */,
				06B497222553E50C009A7350 /* Resources */,
			);
			buildRules = (
			);
			dependencies = (
			);
			name = "API-Demo";
			productName = "API-Demo";
			productReference = 06B497242553E50C009A7350 /* API-Demo.app */;
			productType = "com.apple.product-type.application";
		};
/* End PBXNativeTarget section */

/* Begin PBXProject section */
		06B4971C2553E50C009A7350 /* Project object */ = {
			isa = PBXProject;
			attributes = {
				LastSwiftUpdateCheck = 1210;
				LastUpgradeCheck = 1210;
				TargetAttributes = {
					06B497232553E50C009A7350 = {
						CreatedOnToolsVersion = 12.1;
					};
				};
			};
			buildConfigurationList = 06B4971F2553E50C009A7350 /* Build configuration list for PBXProject "API-Demo" */;
			compatibilityVersion = "Xcode 9.3";
			developmentRegion = en;
			hasScannedForEncodings = 0;
			knownRegions = (
				en,
				Base,
			);
			mainGroup = 06B4971B2553E50C009A7350;
			productRefGroup = 06B497252553E50C009A7350 /* Products */;
			projectDirPath = "";
			projectRoot = "";
			targets = (
				06B497232553E50C009A7350 /* API-Demo */,
			);
		};
/* End PBXProject section */

/* Begin PBXResourcesBuildPhase section */
		06B497222553E50C009A7350 /* Resources */ = {
			isa = PBXResourcesBuildPhase;
			buildActionMask = 2147483647;
			files = (
				06B497342553E50E009A7350 /* LaunchScreen.storyboard in Resources */,
				063057EE2555295C0097E5AE /* evenCell.xib in Resources */,
				06B497312553E50E009A7350 /* Assets.xcassets in Resources */,
				06B497512554F9FF009A7350 /* oddCell.xib in Resources */,
				06B4972F2553E50C009A7350 /* Main.storyboard in Resources */,
			);
			runOnlyForDeploymentPostprocessing = 0;
		};
/* End PBXResourcesBuildPhase section */

/* Begin PBXSourcesBuildPhase section */
		06B497202553E50C009A7350 /* Sources */ = {
			isa = PBXSourcesBuildPhase;
			buildActionMask = 2147483647;
			files = (
				06B497502554F9FF009A7350 /* oddCell.swift in Sources */,
				E708EF1A2554621A00C9CF44 /* Model.swift in Sources */,
				06B4972C2553E50C009A7350 /* ViewController.swift in Sources */,
				063057ED2555295C0097E5AE /* evenCell.swift in Sources */,
				06B497282553E50C009A7350 /* AppDelegate.swift in Sources */,
				06B497422553E94F009A7350 /* Qiita.swift in Sources */,
				06B4972A2553E50C009A7350 /* SceneDelegate.swift in Sources */,
			);
			runOnlyForDeploymentPostprocessing = 0;
		};
/* End PBXSourcesBuildPhase section */

/* Begin PBXVariantGroup section */
		06B4972D2553E50C009A7350 /* Main.storyboard */ = {
			isa = PBXVariantGroup;
			children = (
				06B4972E2553E50C009A7350 /* Base */,
			);
			name = Main.storyboard;
			sourceTree = "<group>";
		};
		06B497322553E50E009A7350 /* LaunchScreen.storyboard */ = {
			isa = PBXVariantGroup;
			children = (
				06B497332553E50E009A7350 /* Base */,
			);
			name = LaunchScreen.storyboard;
			sourceTree = "<group>";
		};
/* End PBXVariantGroup section */

/* Begin XCBuildConfiguration section */
		06B497362553E50E009A7350 /* Debug */ = {
			isa = XCBuildConfiguration;
			buildSettings = {
				ALWAYS_SEARCH_USER_PATHS = NO;
				CLANG_ANALYZER_NONNULL = YES;
				CLANG_ANALYZER_NUMBER_OBJECT_CONVERSION = YES_AGGRESSIVE;
				CLANG_CXX_LANGUAGE_STANDARD = "gnu++14";
				CLANG_CXX_LIBRARY = "libc++";
				CLANG_ENABLE_MODULES = YES;
				CLANG_ENABLE_OBJC_ARC = YES;
				CLANG_ENABLE_OBJC_WEAK = YES;
				CLANG_WARN_BLOCK_CAPTURE_AUTORELEASING = YES;
				CLANG_WARN_BOOL_CONVERSION = YES;
				CLANG_WARN_COMMA = YES;
				CLANG_WARN_CONSTANT_CONVERSION = YES;
				CLANG_WARN_DEPRECATED_OBJC_IMPLEMENTATIONS = YES;
				CLANG_WARN_DIRECT_OBJC_ISA_USAGE = YES_ERROR;
				CLANG_WARN_DOCUMENTATION_COMMENTS = YES;
				CLANG_WARN_EMPTY_BODY = YES;
				CLANG_WARN_ENUM_CONVERSION = YES;
				CLANG_WARN_INFINITE_RECURSION = YES;
				CLANG_WARN_INT_CONVERSION = YES;
				CLANG_WARN_NON_LITERAL_NULL_CONVERSION = YES;
				CLANG_WARN_OBJC_IMPLICIT_RETAIN_SELF = YES;
				CLANG_WARN_OBJC_LITERAL_CONVERSION = YES;
				CLANG_WARN_OBJC_ROOT_CLASS = YES_ERROR;
				CLANG_WARN_QUOTED_INCLUDE_IN_FRAMEWORK_HEADER = YES;
				CLANG_WARN_RANGE_LOOP_ANALYSIS = YES;
				CLANG_WARN_STRICT_PROTOTYPES = YES;
				CLANG_WARN_SUSPICIOUS_MOVE = YES;
				CLANG_WARN_UNGUARDED_AVAILABILITY = YES_AGGRESSIVE;
				CLANG_WARN_UNREACHABLE_CODE = YES;
				CLANG_WARN__DUPLICATE_METHOD_MATCH = YES;
				COPY_PHASE_STRIP = NO;
				DEBUG_INFORMATION_FORMAT = dwarf;
				ENABLE_STRICT_OBJC_MSGSEND = YES;
				ENABLE_TESTABILITY = YES;
				GCC_C_LANGUAGE_STANDARD = gnu11;
				GCC_DYNAMIC_NO_PIC = NO;
				GCC_NO_COMMON_BLOCKS = YES;
				GCC_OPTIMIZATION_LEVEL = 0;
				GCC_PREPROCESSOR_DEFINITIONS = (
					"DEBUG=1",
					"$(inherited)",
				);
				GCC_WARN_64_TO_32_BIT_CONVERSION = YES;
				GCC_WARN_ABOUT_RETURN_TYPE = YES_ERROR;
				GCC_WARN_UNDECLARED_SELECTOR = YES;
				GCC_WARN_UNINITIALIZED_AUTOS = YES_AGGRESSIVE;
				GCC_WARN_UNUSED_FUNCTION = YES;
				GCC_WARN_UNUSED_VARIABLE = YES;
				IPHONEOS_DEPLOYMENT_TARGET = 14.1;
				MTL_ENABLE_DEBUG_INFO = INCLUDE_SOURCE;
				MTL_FAST_MATH = YES;
				ONLY_ACTIVE_ARCH = YES;
				SDKROOT = iphoneos;
				SWIFT_ACTIVE_COMPILATION_CONDITIONS = DEBUG;
				SWIFT_OPTIMIZATION_LEVEL = "-Onone";
			};
			name = Debug;
		};
		06B497372553E50E009A7350 /* Release */ = {
			isa = XCBuildConfiguration;
			buildSettings = {
				ALWAYS_SEARCH_USER_PATHS = NO;
				CLANG_ANALYZER_NONNULL = YES;
				CLANG_ANALYZER_NUMBER_OBJECT_CONVERSION = YES_AGGRESSIVE;
				CLANG_CXX_LANGUAGE_STANDARD = "gnu++14";
				CLANG_CXX_LIBRARY = "libc++";
				CLANG_ENABLE_MODULES = YES;
				CLANG_ENABLE_OBJC_ARC = YES;
				CLANG_ENABLE_OBJC_WEAK = YES;
				CLANG_WARN_BLOCK_CAPTURE_AUTORELEASING = YES;
				CLANG_WARN_BOOL_CONVERSION = YES;
				CLANG_WARN_COMMA = YES;
				CLANG_WARN_CONSTANT_CONVERSION = YES;
				CLANG_WARN_DEPRECATED_OBJC_IMPLEMENTATIONS = YES;
				CLANG_WARN_DIRECT_OBJC_ISA_USAGE = YES_ERROR;
				CLANG_WARN_DOCUMENTATION_COMMENTS = YES;
				CLANG_WARN_EMPTY_BODY = YES;
				CLANG_WARN_ENUM_CONVERSION = YES;
				CLANG_WARN_INFINITE_RECURSION = YES;
				CLANG_WARN_INT_CONVERSION = YES;
				CLANG_WARN_NON_LITERAL_NULL_CONVERSION = YES;
				CLANG_WARN_OBJC_IMPLICIT_RETAIN_SELF = YES;
				CLANG_WARN_OBJC_LITERAL_CONVERSION = YES;
				CLANG_WARN_OBJC_ROOT_CLASS = YES_ERROR;
				CLANG_WARN_QUOTED_INCLUDE_IN_FRAMEWORK_HEADER = YES;
				CLANG_WARN_RANGE_LOOP_ANALYSIS = YES;
				CLANG_WARN_STRICT_PROTOTYPES = YES;
				CLANG_WARN_SUSPICIOUS_MOVE = YES;
				CLANG_WARN_UNGUARDED_AVAILABILITY = YES_AGGRESSIVE;
				CLANG_WARN_UNREACHABLE_CODE = YES;
				CLANG_WARN__DUPLICATE_METHOD_MATCH = YES;
				COPY_PHASE_STRIP = NO;
				DEBUG_INFORMATION_FORMAT = "dwarf-with-dsym";
				ENABLE_NS_ASSERTIONS = NO;
				ENABLE_STRICT_OBJC_MSGSEND = YES;
				GCC_C_LANGUAGE_STANDARD = gnu11;
				GCC_NO_COMMON_BLOCKS = YES;
				GCC_WARN_64_TO_32_BIT_CONVERSION = YES;
				GCC_WARN_ABOUT_RETURN_TYPE = YES_ERROR;
				GCC_WARN_UNDECLARED_SELECTOR = YES;
				GCC_WARN_UNINITIALIZED_AUTOS = YES_AGGRESSIVE;
				GCC_WARN_UNUSED_FUNCTION = YES;
				GCC_WARN_UNUSED_VARIABLE = YES;
				IPHONEOS_DEPLOYMENT_TARGET = 14.1;
				MTL_ENABLE_DEBUG_INFO = NO;
				MTL_FAST_MATH = YES;
				SDKROOT = iphoneos;
				SWIFT_COMPILATION_MODE = wholemodule;
				SWIFT_OPTIMIZATION_LEVEL = "-O";
				VALIDATE_PRODUCT = YES;
			};
			name = Release;
		};
		06B497392553E50E009A7350 /* Debug */ = {
			isa = XCBuildConfiguration;
			buildSettings = {
				ASSETCATALOG_COMPILER_APPICON_NAME = AppIcon;
				ASSETCATALOG_COMPILER_GLOBAL_ACCENT_COLOR_NAME = AccentColor;
				CODE_SIGN_STYLE = Automatic;
				INFOPLIST_FILE = "API-Demo/Info.plist";
				LD_RUNPATH_SEARCH_PATHS = (
					"$(inherited)",
					"@executable_path/Frameworks",
				);
				PRODUCT_BUNDLE_IDENTIFIER = "ryutenu.API-Demo";
				PRODUCT_NAME = "$(TARGET_NAME)";
				SWIFT_VERSION = 5.0;
				TARGETED_DEVICE_FAMILY = "1,2";
			};
			name = Debug;
		};
		06B4973A2553E50E009A7350 /* Release */ = {
			isa = XCBuildConfiguration;
			buildSettings = {
				ASSETCATALOG_COMPILER_APPICON_NAME = AppIcon;
				ASSETCATALOG_COMPILER_GLOBAL_ACCENT_COLOR_NAME = AccentColor;
				CODE_SIGN_STYLE = Automatic;
				INFOPLIST_FILE = "API-Demo/Info.plist";
				LD_RUNPATH_SEARCH_PATHS = (
					"$(inherited)",
					"@executable_path/Frameworks",
				);
				PRODUCT_BUNDLE_IDENTIFIER = "ryutenu.API-Demo";
				PRODUCT_NAME = "$(TARGET_NAME)";
				SWIFT_VERSION = 5.0;
				TARGETED_DEVICE_FAMILY = "1,2";
			};
			name = Release;
		};
/* End XCBuildConfiguration section */

/* Begin XCConfigurationList section */
		06B4971F2553E50C009A7350 /* Build configuration list for PBXProject "API-Demo" */ = {
			isa = XCConfigurationList;
			buildConfigurations = (
				06B497362553E50E009A7350 /* Debug */,
				06B497372553E50E009A7350 /* Release */,
			);
			defaultConfigurationIsVisible = 0;
			defaultConfigurationName = Release;
		};
		06B497382553E50E009A7350 /* Build configuration list for PBXNativeTarget "API-Demo" */ = {
			isa = XCConfigurationList;
			buildConfigurations = (
				06B497392553E50E009A7350 /* Debug */,
				06B4973A2553E50E009A7350 /* Release */,
			);
			defaultConfigurationIsVisible = 0;
			defaultConfigurationName = Release;
		};
/* End XCConfigurationList section */
	};
	rootObject = 06B4971C2553E50C009A7350 /* Project object */;
}
